Microsoft Visual Studio Solution File, Format Version 12.00
# Visual Studio Version 17
VisualStudioVersion = 17.0.31912.275
MinimumVisualStudioVersion = 10.0.40219.1
Project("{FAE04EC0-301F-11D3-BF4B-00C04F79EFBC}") = "KiwixConverter.Core", "src\KiwixConverter.Core\KiwixConverter.Core.csproj", "{C54B824A-569E-41A9-A0FA-752DAB7D4FF4}"
EndProject
Project("{FAE04EC0-301F-11D3-BF4B-00C04F79EFBC}") = "KiwixConverter.WinForms", "src\KiwixConverter.WinForms\KiwixConverter.WinForms.csproj", "{4E6C5370-4E5B-4305-B65B-115E6D5831AA}"
EndProject
Global
	GlobalSection(SolutionConfigurationPlatforms) = preSolution
		Debug|Any CPU = Debug|Any CPU
		Release|Any CPU = Release|Any CPU
	EndGlobalSection
	GlobalSection(ProjectConfigurationPlatforms) = postSolution
		{C54B824A-569E-41A9-A0FA-752DAB7D4FF4}.Debug|Any CPU.ActiveCfg = Debug|Any CPU
		{C54B824A-569E-41A9-A0FA-752DAB7D4FF4}.Debug|Any CPU.Build.0 = Debug|Any CPU
		{C54B824A-569E-41A9-A0FA-752DAB7D4FF4}.Release|Any CPU.ActiveCfg = Release|Any CPU
		{C54B824A-569E-41A9-A0FA-752DAB7D4FF4}.Release|Any CPU.Build.0 = Release|Any CPU
		{4E6C5370-4E5B-4305-B65B-115E6D5831AA}.Debug|Any CPU.ActiveCfg = Debug|Any CPU
		{4E6C5370-4E5B-4305-B65B-115E6D5831AA}.Debug|Any CPU.Build.0 = Debug|Any CPU
		{4E6C5370-4E5B-4305-B65B-115E6D5831AA}.Release|Any CPU.ActiveCfg = Release|Any CPU
		{4E6C5370-4E5B-4305-B65B-115E6D5831AA}.Release|Any CPU.Build.0 = Release|Any CPU
	EndGlobalSection
	GlobalSection(SolutionProperties) = preSolution
		HideSolutionNode = FALSE
	EndGlobalSection
	GlobalSection(ExtensibilityGlobals) = postSolution
		SolutionGuid = {74EF77D5-D93A-4FB3-86DE-FA3238FE5A74}
	EndGlobalSection
EndGlobal